
Microsoft Visual Studio Solution File, Format Version 12.00
# Visual Studio Version 17
VisualStudioVersion = 17.1.32210.238
MinimumVisualStudioVersion = 10.0.40219.1
Project("{FAE04EC0-301F-11D3-BF4B-00C04F79EFBC}") = "Revolt", "Revolt\Revolt.csproj", "{B9827F93-AD58-420D-832B-246F11E8BCD3}"
EndProject
Global
	GlobalSection(SolutionConfigurationPlatforms) = preSolution
		Debug|Any CPU = Debug|Any CPU
		Release|Any CPU = Release|Any CPU
	EndGlobalSection
	GlobalSection(ProjectConfigurationPlatforms) = postSolution
		{B9827F93-AD58-420D-832B-246F11E8BCD3}.Debug|Any CPU.ActiveCfg = Debug|Any CPU
		{B9827F93-AD58-420D-832B-246F11E8BCD3}.Debug|Any CPU.Build.0 = Debug|Any CPU
		{B9827F93-AD58-420D-832B-246F11E8BCD3}.Release|Any CPU.ActiveCfg = Release|Any CPU
		{B9827F93-AD58-420D-832B-246F11E8BCD3}.Release|Any CPU.Build.0 = Release|Any CPU
	EndGlobalSection
	GlobalSection(SolutionProperties) = preSolution
		HideSolutionNode = FALSE
	EndGlobalSection
	GlobalSection(ExtensibilityGlobals) = postSolution
		SolutionGuid = {07D89D74-5CB3-4111-8B9C-78D574619BA0}
	EndGlobalSection
EndGlobal
